
Microsoft Visual Studio Solution File, Format Version 12.00
# Visual Studio 15
VisualStudioVersion = 15.0.27625.0
MinimumVisualStudioVersion = 10.0.40219.1
Project("{FAE04EC0-301F-11D3-BF4B-00C04F79EFBC}") = "Ci.Sequential", "Ci.Sequential\Ci.Sequential.csproj", "{B13B764E-29B7-4FE5-9B61-D627ABD79EF9}"
EndProject
Project("{FAE04EC0-301F-11D3-BF4B-00C04F79EFBC}") = "Ci.Sequential.Core", "Ci.Sequential.Core\Ci.Sequential.Core.csproj", "{7B1DF36D-38D6-41B8-A214-359C7ECE072B}"
EndProject
Global
	GlobalSection(SolutionConfigurationPlatforms) = preSolution
		Debug|Any CPU = Debug|Any CPU
		Release|Any CPU = Release|Any CPU
	EndGlobalSection
	GlobalSection(ProjectConfigurationPlatforms) = postSolution
		{B13B764E-29B7-4FE5-9B61-D627ABD79EF9}.Debug|Any CPU.ActiveCfg = Debug|Any CPU
		{B13B764E-29B7-4FE5-9B61-D627ABD79EF9}.Debug|Any CPU.Build.0 = Debug|Any CPU
		{B13B764E-29B7-4FE5-9B61-D627ABD79EF9}.Release|Any CPU.ActiveCfg = Release|Any CPU
		{B13B764E-29B7-4FE5-9B61-D627ABD79EF9}.Release|Any CPU.Build.0 = Release|Any CPU
		{7B1DF36D-38D6-41B8-A214-359C7ECE072B}.Debug|Any CPU.ActiveCfg = Debug|Any CPU
		{7B1DF36D-38D6-41B8-A214-359C7ECE072B}.Debug|Any CPU.Build.0 = Debug|Any CPU
		{7B1DF36D-38D6-41B8-A214-359C7ECE072B}.Release|Any CPU.ActiveCfg = Release|Any CPU
		{7B1DF36D-38D6-41B8-A214-359C7ECE072B}.Release|Any CPU.Build.0 = Release|Any CPU
	EndGlobalSection
	GlobalSection(SolutionProperties) = preSolution
		HideSolutionNode = FALSE
	EndGlobalSection
	GlobalSection(ExtensibilityGlobals) = postSolution
		SolutionGuid = {41D25F59-5AD0-4EE2-92E7-75F9F9F908B5}
	EndGlobalSection
EndGlobal
